
Microsoft Visual Studio Solution File, Format Version 12.00
Project("{FAE04EC0-301F-11D3-BF4B-00C04F79EFBC}") = "API_Invisible_Watermark", "API_Invisible_Watermark\API_Invisible_Watermark.csproj", "{6886F678-8ADA-4E81-999B-B226BB304E11}"
EndProject
Global
	GlobalSection(SolutionConfigurationPlatforms) = preSolution
		Debug|Any CPU = Debug|Any CPU
		Release|Any CPU = Release|Any CPU
	EndGlobalSection
	GlobalSection(ProjectConfigurationPlatforms) = postSolution
		{6886F678-8ADA-4E81-999B-B226BB304E11}.Debug|Any CPU.ActiveCfg = Debug|Any CPU
		{6886F678-8ADA-4E81-999B-B226BB304E11}.Debug|Any CPU.Build.0 = Debug|Any CPU
		{6886F678-8ADA-4E81-999B-B226BB304E11}.Release|Any CPU.ActiveCfg = Release|Any CPU
		{6886F678-8ADA-4E81-999B-B226BB304E11}.Release|Any CPU.Build.0 = Release|Any CPU
	EndGlobalSection
EndGlobal
